Microsoft Visual Studio Solution File, Format Version 12.00
# Visual Studio Version 17
VisualStudioVersion = 17.8.34525.116
MinimumVisualStudioVersion = 10.0.40219.1
Project("{2150E333-8FDC-42A3-9474-1A3956D46DE8}") = "Solution Items", "Solution Items", "{897B0EBC-BAEA-4131-9292-0D03A26C94CC}"
	ProjectSection(SolutionItems) = preProject
		.editorconfig = .editorconfig
		..\appveyor.yml = ..\appveyor.yml
		..\README.md = ..\README.md
	EndProjectSection
EndProject
Project("{9A19103F-16F7-4668-BE54-9A1E7A4F7556}") = "AmqpTools.Core", "AmqpTools.Core\AmqpTools.Core.csproj", "{8EA22BC0-44F6-44CE-8176-D5C3E3607DA2}"
EndProject
Project("{9A19103F-16F7-4668-BE54-9A1E7A4F7556}") = "AmqpTools", "AmqpTools\AmqpTools.csproj", "{3603FDA2-565F-4236-BAAE-EE09E7710930}"
EndProject
Project("{FAE04EC0-301F-11D3-BF4B-00C04F79EFBC}") = "AmqpTools.Core.Test", "AmqpTools.Core.Test\AmqpTools.Core.Test.csproj", "{2B8BA46C-FA43-46FC-8F25-FD8CAE42CD82}"
EndProject
Global
	GlobalSection(SolutionConfigurationPlatforms) = preSolution
		Debug|Any CPU = Debug|Any CPU
		Release|Any CPU = Release|Any CPU
	EndGlobalSection
	GlobalSection(ProjectConfigurationPlatforms) = postSolution
		{8EA22BC0-44F6-44CE-8176-D5C3E3607DA2}.Debug|Any CPU.ActiveCfg = Debug|Any CPU
		{8EA22BC0-44F6-44CE-8176-D5C3E3607DA2}.Debug|Any CPU.Build.0 = Debug|Any CPU
		{8EA22BC0-44F6-44CE-8176-D5C3E3607DA2}.Release|Any CPU.ActiveCfg = Release|Any CPU
		{8EA22BC0-44F6-44CE-8176-D5C3E3607DA2}.Release|Any CPU.Build.0 = Release|Any CPU
		{3603FDA2-565F-4236-BAAE-EE09E7710930}.Debug|Any CPU.ActiveCfg = Debug|Any CPU
		{3603FDA2-565F-4236-BAAE-EE09E7710930}.Debug|Any CPU.Build.0 = Debug|Any CPU
		{3603FDA2-565F-4236-BAAE-EE09E7710930}.Release|Any CPU.ActiveCfg = Release|Any CPU
		{3603FDA2-565F-4236-BAAE-EE09E7710930}.Release|Any CPU.Build.0 = Release|Any CPU
		{2B8BA46C-FA43-46FC-8F25-FD8CAE42CD82}.Debug|Any CPU.ActiveCfg = Debug|Any CPU
		{2B8BA46C-FA43-46FC-8F25-FD8CAE42CD82}.Debug|Any CPU.Build.0 = Debug|Any CPU
		{2B8BA46C-FA43-46FC-8F25-FD8CAE42CD82}.Release|Any CPU.ActiveCfg = Release|Any CPU
		{2B8BA46C-FA43-46FC-8F25-FD8CAE42CD82}.Release|Any CPU.Build.0 = Release|Any CPU
	EndGlobalSection
	GlobalSection(SolutionProperties) = preSolution
		HideSolutionNode = FALSE
	EndGlobalSection
	GlobalSection(ExtensibilityGlobals) = postSolution
		SolutionGuid = {39262179-1F94-41FD-9E79-0476B43079C8}
	EndGlobalSection
EndGlobal
